// !$*UTF8*$!
{
	archiveVersion = 1;
	classes = {
	};
	objectVersion = 46;
	objects = {

/* Begin PBXBuildFile section */
		7A420C49412B702213A0D34E /* libPods-Finch.a in Frameworks */ = {isa = PBXBuildFile; fileRef = DE192EF178EC387936896DB4 /* libPods-Finch.a */; };
		FE09B1AF1DFD54D400714D15 /* AppDelegate.swift in Sources */ = {isa = PBXBuildFile; fileRef = FE09B1AE1DFD54D400714D15 /* AppDelegate.swift */; };
		FE09B1B41DFD54D400714D15 /* Main.storyboard in Resources */ = {isa = PBXBuildFile; fileRef = FE09B1B21DFD54D400714D15 /* Main.storyboard */; };
		FE09B1B61DFD54D400714D15 /* Assets.xcassets in Resources */ = {isa = PBXBuildFile; fileRef = FE09B1B51DFD54D400714D15 /* Assets.xcassets */; };
		FE09B1B91DFD54D400714D15 /* LaunchScreen.storyboard in Resources */ = {isa = PBXBuildFile; fileRef = FE09B1B71DFD54D400714D15 /* LaunchScreen.storyboard */; };
		FE9BDA4F1DFD59D200BFDD6F /* LFLoginViewController.swift in Sources */ = {isa = PBXBuildFile; fileRef = FE9BDA4E1DFD59D200BFDD6F /* LFLoginViewController.swift */; };
		FE9BDA531DFD5A0400BFDD6F /* LFBaseViewController.swift in Sources */ = {isa = PBXBuildFile; fileRef = FE9BDA521DFD5A0400BFDD6F /* LFBaseViewController.swift */; };
		FE9BDA571DFD5A2000BFDD6F /* LFRoomsViewController.swift in Sources */ = {isa = PBXBuildFile; fileRef = FE9BDA561DFD5A2000BFDD6F /* LFRoomsViewController.swift */; };
		FE9BDA591DFD5A2A00BFDD6F /* LFCreateRoomViewController.swift in Sources */ = {isa = PBXBuildFile; fileRef = FE9BDA581DFD5A2A00BFDD6F /* LFCreateRoomViewController.swift */; };
		FE9BDA5B1DFD5A3600BFDD6F /* LFRoomViewController.swift in Sources */ = {isa = PBXBuildFile; fileRef = FE9BDA5A1DFD5A3600BFDD6F /* LFRoomViewController.swift */; };
		FE9BDA5E1DFD5A6200BFDD6F /* LFConstants.swift in Sources */ = {isa = PBXBuildFile; fileRef = FE9BDA5D1DFD5A6200BFDD6F /* LFConstants.swift */; };
		FE9BDA601DFD5A7200BFDD6F /* LFAPIManager.swift in Sources */ = {isa = PBXBuildFile; fileRef = FE9BDA5F1DFD5A7200BFDD6F /* LFAPIManager.swift */; };
		FE9BDA651DFD5AFD00BFDD6F /* SpotifyAudioPlayback.framework in Frameworks */ = {isa = PBXBuildFile; fileRef = FE9BDA621DFD5AFD00BFDD6F /* SpotifyAudioPlayback.framework */; };
		FE9BDA661DFD5AFD00BFDD6F /* SpotifyAuthentication.framework in Frameworks */ = {isa = PBXBuildFile; fileRef = FE9BDA631DFD5AFD00BFDD6F /* SpotifyAuthentication.framework */; };
		FE9BDA671DFD5AFD00BFDD6F /* SpotifyMetadata.framework in Frameworks */ = {isa = PBXBuildFile; fileRef = FE9BDA641DFD5AFD00BFDD6F /* SpotifyMetadata.framework */; };
		FE9BDA6A1DFD5E7F00BFDD6F /* AVFoundation.framework in Frameworks */ = {isa = PBXBuildFile; fileRef = FE9BDA691DFD5E7F00BFDD6F /* AVFoundation.framework */; };
		FE9BDA6C1DFD5E8600BFDD6F /* SystemConfiguration.framework in Frameworks */ = {isa = PBXBuildFile; fileRef = FE9BDA6B1DFD5E8600BFDD6F /* SystemConfiguration.framework */; };
/* End PBXBuildFile section */

/* Begin PBXFileReference section */
		4F550B7E25FAD8E2ACDA9B05 /* Pods-Finch.release.xcconfig */ = {isa = PBXFileReference; includeInIndex = 1; lastKnownFileType = text.xcconfig; name = "Pods-Finch.release.xcconfig"; path = "Pods/Target Support Files/Pods-Finch/Pods-Finch.release.xcconfig"; sourceTree = "<group>"; };
		A2BAFDC77ADC714158ED87DB /* Pods-Finch.debug.xcconfig */ = {isa = PBXFileReference; includeInIndex = 1; lastKnownFileType = text.xcconfig; name = "Pods-Finch.debug.xcconfig"; path = "Pods/Target Support Files/Pods-Finch/Pods-Finch.debug.xcconfig"; sourceTree = "<group>"; };
		DE192EF178EC387936896DB4 /* libPods-Finch.a */ = {isa = PBXFileReference; explicitFileType = archive.ar; includeInIndex = 0; path = "libPods-Finch.a"; sourceTree = BUILT_PRODUCTS_DIR; };
		FE09B1AB1DFD54D400714D15 /* Finch.app */ = {isa = PBXFileReference; explicitFileType = wrapper.application; includeInIndex = 0; path = Finch.app; sourceTree = BUILT_PRODUCTS_DIR; };
		FE09B1AE1DFD54D400714D15 /* AppDelegate.swift */ = {isa = PBXFileReference; lastKnownFileType = sourcecode.swift; path = AppDelegate.swift; sourceTree = "<group>"; };
		FE09B1B31DFD54D400714D15 /* Base */ = {isa = PBXFileReference; lastKnownFileType = file.storyboard; name = Base; path = Base.lproj/Main.storyboard; sourceTree = "<group>"; };
		FE09B1B51DFD54D400714D15 /* Assets.xcassets */ = {isa = PBXFileReference; lastKnownFileType = folder.assetcatalog; path = Assets.xcassets; sourceTree = "<group>"; };
		FE09B1B81DFD54D400714D15 /* Base */ = {isa = PBXFileReference; lastKnownFileType = file.storyboard; name = Base; path = Base.lproj/LaunchScreen.storyboard; sourceTree = "<group>"; };
		FE09B1BA1DFD54D400714D15 /* Info.plist */ = {isa = PBXFileReference; lastKnownFileType = text.plist.xml; path = Info.plist; sourceTree = "<group>"; };
		FE9BDA4E1DFD59D200BFDD6F /* LFLoginViewController.swift */ = {isa = PBXFileReference; fileEncoding = 4; lastKnownFileType = sourcecode.swift; path = LFLoginViewController.swift; sourceTree = "<group>"; };
		FE9BDA521DFD5A0400BFDD6F /* LFBaseViewController.swift */ = {isa = PBXFileReference; fileEncoding = 4; lastKnownFileType = sourcecode.swift; path = LFBaseViewController.swift; sourceTree = "<group>"; };
		FE9BDA561DFD5A2000BFDD6F /* LFRoomsViewController.swift */ = {isa = PBXFileReference; fileEncoding = 4; lastKnownFileType = sourcecode.swift; path = LFRoomsViewController.swift; sourceTree = "<group>"; };
		FE9BDA581DFD5A2A00BFDD6F /* LFCreateRoomViewController.swift */ = {isa = PBXFileReference; fileEncoding = 4; lastKnownFileType = sourcecode.swift; path = LFCreateRoomViewController.swift; sourceTree = "<group>"; };
		FE9BDA5A1DFD5A3600BFDD6F /* LFRoomViewController.swift */ = {isa = PBXFileReference; fileEncoding = 4; lastKnownFileType = sourcecode.swift; path = LFRoomViewController.swift; sourceTree = "<group>"; };
		FE9BDA5D1DFD5A6200BFDD6F /* LFConstants.swift */ = {isa = PBXFileReference; fileEncoding = 4; lastKnownFileType = sourcecode.swift; path = LFConstants.swift; sourceTree = "<group>"; };
		FE9BDA5F1DFD5A7200BFDD6F /* LFAPIManager.swift */ = {isa = PBXFileReference; fileEncoding = 4; lastKnownFileType = sourcecode.swift; path = LFAPIManager.swift; sourceTree = "<group>"; };
		FE9BDA621DFD5AFD00BFDD6F /* SpotifyAudioPlayback.framework */ = {isa = PBXFileReference; lastKnownFileType = wrapper.framework; path = SpotifyAudioPlayback.framework; sourceTree = "<group>"; };
		FE9BDA631DFD5AFD00BFDD6F /* SpotifyAuthentication.framework */ = {isa = PBXFileReference; lastKnownFileType = wrapper.framework; path = SpotifyAuthentication.framework; sourceTree = "<group>"; };
		FE9BDA641DFD5AFD00BFDD6F /* SpotifyMetadata.framework */ = {isa = PBXFileReference; lastKnownFileType = wrapper.framework; path = SpotifyMetadata.framework; sourceTree = "<group>"; };
		FE9BDA681DFD5C5F00BFDD6F /* Finch-Briding-Header.h */ = {isa = PBXFileReference; fileEncoding = 4; lastKnownFileType = sourcecode.c.h; path = "Finch-Briding-Header.h"; sourceTree = "<group>"; };
		FE9BDA691DFD5E7F00BFDD6F /* AVFoundation.framework */ = {isa = PBXFileReference; lastKnownFileType = wrapper.framework; name = AVFoundation.framework; path = System/Library/Frameworks/AVFoundation.framework; sourceTree = SDKROOT; };
		FE9BDA6B1DFD5E8600BFDD6F /* SystemConfiguration.framework */ = {isa = PBXFileReference; lastKnownFileType = wrapper.framework; name = SystemConfiguration.framework; path = System/Library/Frameworks/SystemConfiguration.framework; sourceTree = SDKROOT; };
/* End PBXFileReference section */

/* Begin PBXFrameworksBuildPhase section */
		FE09B1A81DFD54D400714D15 /* Frameworks */ = {
			isa = PBXFrameworksBuildPhase;
			buildActionMask = 2147483647;
			files = (
				FE9BDA6C1DFD5E8600BFDD6F /* SystemConfiguration.framework in Frameworks */,
				FE9BDA6A1DFD5E7F00BFDD6F /* AVFoundation.framework in Frameworks */,
				FE9BDA671DFD5AFD00BFDD6F /* SpotifyMetadata.framework in Frameworks */,
				7A420C49412B702213A0D34E /* libPods-Finch.a in Frameworks */,
				FE9BDA661DFD5AFD00BFDD6F /* SpotifyAuthentication.framework in Frameworks */,
				FE9BDA651DFD5AFD00BFDD6F /* SpotifyAudioPlayback.framework in Frameworks */,
			);
			runOnlyForDeploymentPostprocessing = 0;
		};
/* End PBXFrameworksBuildPhase section */

/* Begin PBXGroup section */
		B82917D93AFC5916769D037D /* Frameworks */ = {
			isa = PBXGroup;
			children = (
				FE9BDA6B1DFD5E8600BFDD6F /* SystemConfiguration.framework */,
				FE9BDA691DFD5E7F00BFDD6F /* AVFoundation.framework */,
				DE192EF178EC387936896DB4 /* libPods-Finch.a */,
			);
			name = Frameworks;
			sourceTree = "<group>";
		};
		F83E948FECC932FB004630D6 /* Pods */ = {
			isa = PBXGroup;
			children = (
				A2BAFDC77ADC714158ED87DB /* Pods-Finch.debug.xcconfig */,
				4F550B7E25FAD8E2ACDA9B05 /* Pods-Finch.release.xcconfig */,
			);
			name = Pods;
			sourceTree = "<group>";
		};
		FE09B1A21DFD54D400714D15 = {
			isa = PBXGroup;
			children = (
				FE09B1AD1DFD54D400714D15 /* Finch */,
				FE09B1AC1DFD54D400714D15 /* Products */,
				F83E948FECC932FB004630D6 /* Pods */,
				B82917D93AFC5916769D037D /* Frameworks */,
			);
			sourceTree = "<group>";
		};
		FE09B1AC1DFD54D400714D15 /* Products */ = {
			isa = PBXGroup;
			children = (
				FE09B1AB1DFD54D400714D15 /* Finch.app */,
			);
			name = Products;
			sourceTree = "<group>";
		};
		FE09B1AD1DFD54D400714D15 /* Finch */ = {
			isa = PBXGroup;
			children = (
				FE9BDA611DFD5AD600BFDD6F /* Frameworks */,
				FE9BDA5C1DFD5A4C00BFDD6F /* ViewControllers */,
				FE09B1AE1DFD54D400714D15 /* AppDelegate.swift */,
				FE09B1B21DFD54D400714D15 /* Main.storyboard */,
				FE09B1B51DFD54D400714D15 /* Assets.xcassets */,
				FE09B1B71DFD54D400714D15 /* LaunchScreen.storyboard */,
				FE09B1BA1DFD54D400714D15 /* Info.plist */,
				FE9BDA5D1DFD5A6200BFDD6F /* LFConstants.swift */,
				FE9BDA5F1DFD5A7200BFDD6F /* LFAPIManager.swift */,
				FE9BDA681DFD5C5F00BFDD6F /* Finch-Briding-Header.h */,
			);
			path = Finch;
			sourceTree = "<group>";
		};
		FE9BDA5C1DFD5A4C00BFDD6F /* ViewControllers */ = {
			isa = PBXGroup;
			children = (
				FE9BDA4E1DFD59D200BFDD6F /* LFLoginViewController.swift */,
				FE9BDA521DFD5A0400BFDD6F /* LFBaseViewController.swift */,
				FE9BDA561DFD5A2000BFDD6F /* LFRoomsViewController.swift */,
				FE9BDA581DFD5A2A00BFDD6F /* LFCreateRoomViewController.swift */,
				FE9BDA5A1DFD5A3600BFDD6F /* LFRoomViewController.swift */,
			);
			name = ViewControllers;
			sourceTree = "<group>";
		};
		FE9BDA611DFD5AD600BFDD6F /* Frameworks */ = {
			isa = PBXGroup;
			children = (
				FE9BDA621DFD5AFD00BFDD6F /* SpotifyAudioPlayback.framework */,
				FE9BDA631DFD5AFD00BFDD6F /* SpotifyAuthentication.framework */,
				FE9BDA641DFD5AFD00BFDD6F /* SpotifyMetadata.framework */,
			);
			name = Frameworks;
			sourceTree = "<group>";
		};
/* End PBXGroup section */

/* Begin PBXNativeTarget section */
		FE09B1AA1DFD54D400714D15 /* Finch */ = {
			isa = PBXNativeTarget;
			buildConfigurationList = FE09B1BD1DFD54D400714D15 /* Build configuration list for PBXNativeTarget "Finch" */;
			buildPhases = (
				DD81F4CEB23163ED0F6DC3FE /* [CP] Check Pods Manifest.lock */,
				FE09B1A71DFD54D400714D15 /* Sources */,
				FE09B1A81DFD54D400714D15 /* Frameworks */,
				FE09B1A91DFD54D400714D15 /* Resources */,
				ED908BCA653948E09B12A8F0 /* [CP] Embed Pods Frameworks */,
				63F8EC7ABDFD2DDF8F13BB38 /* [CP] Copy Pods Resources */,
			);
			buildRules = (
			);
			dependencies = (
			);
			name = Finch;
			productName = Finch;
			productReference = FE09B1AB1DFD54D400714D15 /* Finch.app */;
			productType = "com.apple.product-type.application";
		};
/* End PBXNativeTarget section */

/* Begin PBXProject section */
		FE09B1A31DFD54D400714D15 /* Project object */ = {
			isa = PBXProject;
			attributes = {
				LastSwiftUpdateCheck = 0810;
				LastUpgradeCheck = 0810;
				ORGANIZATIONNAME = Wrappic;
				TargetAttributes = {
					FE09B1AA1DFD54D400714D15 = {
						CreatedOnToolsVersion = 8.1;
						DevelopmentTeam = 6DDB3YQ38L;
						ProvisioningStyle = Automatic;
					};
				};
			};
			buildConfigurationList = FE09B1A61DFD54D400714D15 /* Build configuration list for PBXProject "Finch" */;
			compatibilityVersion = "Xcode 3.2";
			developmentRegion = English;
			hasScannedForEncodings = 0;
			knownRegions = (
				en,
				Base,
			);
			mainGroup = FE09B1A21DFD54D400714D15;
			productRefGroup = FE09B1AC1DFD54D400714D15 /* Products */;
			projectDirPath = "";
			projectRoot = "";
			targets = (
				FE09B1AA1DFD54D400714D15 /* Finch */,
			);
		};
/* End PBXProject section */

/* Begin PBXResourcesBuildPhase section */
		FE09B1A91DFD54D400714D15 /* Resources */ = {
			isa = PBXResourcesBuildPhase;
			buildActionMask = 2147483647;
			files = (
				FE09B1B91DFD54D400714D15 /* LaunchScreen.storyboard in Resources */,
				FE09B1B61DFD54D400714D15 /* Assets.xcassets in Resources */,
				FE09B1B41DFD54D400714D15 /* Main.storyboard in Resources */,
			);
			runOnlyForDeploymentPostprocessing = 0;
		};
/* End PBXResourcesBuildPhase section */

/* Begin PBXShellScriptBuildPhase section */
		63F8EC7ABDFD2DDF8F13BB38 /* [CP] Copy Pods Resources */ = {
			isa = PBXShellScriptBuildPhase;
			buildActionMask = 2147483647;
			files = (
			);
			inputPaths = (
			);
			name = "[CP] Copy Pods Resources";
			outputPaths = (
			);
			runOnlyForDeploymentPostprocessing = 0;
			shellPath = /bin/sh;
			shellScript = "\"${SRCROOT}/Pods/Target Support Files/Pods-Finch/Pods-Finch-resources.sh\"\n";
			showEnvVarsInLog = 0;
		};
		DD81F4CEB23163ED0F6DC3FE /* [CP] Check Pods Manifest.lock */ = {
			isa = PBXShellScriptBuildPhase;
			buildActionMask = 2147483647;
			files = (
			);
			inputPaths = (
			);
			name = "[CP] Check Pods Manifest.lock";
			outputPaths = (
			);
			runOnlyForDeploymentPostprocessing = 0;
			shellPath = /bin/sh;
			shellScript = "diff \"${PODS_ROOT}/../Podfile.lock\" \"${PODS_ROOT}/Manifest.lock\" > /dev/null\nif [ $? != 0 ] ; then\n    # print error to STDERR\n    echo \"error: The sandbox is not in sync with the Podfile.lock. Run 'pod install' or update your CocoaPods installation.\" >&2\n    exit 1\nfi\n";
			showEnvVarsInLog = 0;
		};
		ED908BCA653948E09B12A8F0 /* [CP] Embed Pods Frameworks */ = {
			isa = PBXShellScriptBuildPhase;
			buildActionMask = 2147483647;
			files = (
			);
			inputPaths = (
			);
			name = "[CP] Embed Pods Frameworks";
			outputPaths = (
			);
			runOnlyForDeploymentPostprocessing = 0;
			shellPath = /bin/sh;
			shellScript = "\"${SRCROOT}/Pods/Target Support Files/Pods-Finch/Pods-Finch-frameworks.sh\"\n";
			showEnvVarsInLog = 0;
		};
/* End PBXShellScriptBuildPhase section */

/* Begin PBXSourcesBuildPhase section */
		FE09B1A71DFD54D400714D15 /* Sources */ = {
			isa = PBXSourcesBuildPhase;
			buildActionMask = 2147483647;
			files = (
				FE9BDA5E1DFD5A6200BFDD6F /* LFConstants.swift in Sources */,
				FE9BDA591DFD5A2A00BFDD6F /* LFCreateRoomViewController.swift in Sources */,
				FE9BDA531DFD5A0400BFDD6F /* LFBaseViewController.swift in Sources */,
				FE9BDA4F1DFD59D200BFDD6F /* LFLoginViewController.swift in Sources */,
				FE9BDA601DFD5A7200BFDD6F /* LFAPIManager.swift in Sources */,
				FE9BDA5B1DFD5A3600BFDD6F /* LFRoomViewController.swift in Sources */,
				FE09B1AF1DFD54D400714D15 /* AppDelegate.swift in Sources */,
				FE9BDA571DFD5A2000BFDD6F /* LFRoomsViewController.swift in Sources */,
			);
			runOnlyForDeploymentPostprocessing = 0;
		};
/* End PBXSourcesBuildPhase section */

/* Begin PBXVariantGroup section */
		FE09B1B21DFD54D400714D15 /* Main.storyboard */ = {
			isa = PBXVariantGroup;
			children = (
				FE09B1B31DFD54D400714D15 /* Base */,
			);
			name = Main.storyboard;
			sourceTree = "<group>";
		};
		FE09B1B71DFD54D400714D15 /* LaunchScreen.storyboard */ = {
			isa = PBXVariantGroup;
			children = (
				FE09B1B81DFD54D400714D15 /* Base */,
			);
			name = LaunchScreen.storyboard;
			sourceTree = "<group>";
		};
/* End PBXVariantGroup section */

/* Begin XCBuildConfiguration section */
		FE09B1BB1DFD54D400714D15 /* Debug */ = {
			isa = XCBuildConfiguration;
			buildSettings = {
				ALWAYS_SEARCH_USER_PATHS = NO;
				CLANG_ANALYZER_NONNULL = YES;
				CLANG_CXX_LANGUAGE_STANDARD = "gnu++0x";
				CLANG_CXX_LIBRARY = "libc++";
				CLANG_ENABLE_MODULES = YES;
				CLANG_ENABLE_OBJC_ARC = YES;
				CLANG_WARN_BOOL_CONVERSION = YES;
				CLANG_WARN_CONSTANT_CONVERSION = YES;
				CLANG_WARN_DIRECT_OBJC_ISA_USAGE = YES_ERROR;
				CLANG_WARN_DOCUMENTATION_COMMENTS = YES;
				CLANG_WARN_EMPTY_BODY = YES;
				CLANG_WARN_ENUM_CONVERSION = YES;
				CLANG_WARN_INFINITE_RECURSION = YES;
				CLANG_WARN_INT_CONVERSION = YES;
				CLANG_WARN_OBJC_ROOT_CLASS = YES_ERROR;
				CLANG_WARN_SUSPICIOUS_MOVES = YES;
				CLANG_WARN_UNREACHABLE_CODE = YES;
				CLANG_WARN__DUPLICATE_METHOD_MATCH = YES;
				"CODE_SIGN_IDENTITY[sdk=iphoneos*]" = "iPhone Developer";
				COPY_PHASE_STRIP = NO;
				DEBUG_INFORMATION_FORMAT = dwarf;
				ENABLE_STRICT_OBJC_MSGSEND = YES;
				ENABLE_TESTABILITY = YES;
				GCC_C_LANGUAGE_STANDARD = gnu99;
				GCC_DYNAMIC_NO_PIC = NO;
				GCC_NO_COMMON_BLOCKS = YES;
				GCC_OPTIMIZATION_LEVEL = 0;
				GCC_PREPROCESSOR_DEFINITIONS = (
					"DEBUG=1",
					"$(inherited)",
				);
				GCC_WARN_64_TO_32_BIT_CONVERSION = YES;
				GCC_WARN_ABOUT_RETURN_TYPE = YES_ERROR;
				GCC_WARN_UNDECLARED_SELECTOR = YES;
				GCC_WARN_UNINITIALIZED_AUTOS = YES_AGGRESSIVE;
				GCC_WARN_UNUSED_FUNCTION = YES;
				GCC_WARN_UNUSED_VARIABLE = YES;
				IPHONEOS_DEPLOYMENT_TARGET = 10.1;
				MTL_ENABLE_DEBUG_INFO = YES;
				ONLY_ACTIVE_ARCH = YES;
				SDKROOT = iphoneos;
				SWIFT_ACTIVE_COMPILATION_CONDITIONS = DEBUG;
				SWIFT_OPTIMIZATION_LEVEL = "-Onone";
			};
			name = Debug;
		};
		FE09B1BC1DFD54D400714D15 /* Release */ = {
			isa = XCBuildConfiguration;
			buildSettings = {
				ALWAYS_SEARCH_USER_PATHS = NO;
				CLANG_ANALYZER_NONNULL = YES;
				CLANG_CXX_LANGUAGE_STANDARD = "gnu++0x";
				CLANG_CXX_LIBRARY = "libc++";
				CLANG_ENABLE_MODULES = YES;
				CLANG_ENABLE_OBJC_ARC = YES;
				CLANG_WARN_BOOL_CONVERSION = YES;
				CLANG_WARN_CONSTANT_CONVERSION = YES;
				CLANG_WARN_DIRECT_OBJC_ISA_USAGE = YES_ERROR;
				CLANG_WARN_DOCUMENTATION_COMMENTS = YES;
				CLANG_WARN_EMPTY_BODY = YES;
				CLANG_WARN_ENUM_CONVERSION = YES;
				CLANG_WARN_INFINITE_RECURSION = YES;
				CLANG_WARN_INT_CONVERSION = YES;
				CLANG_WARN_OBJC_ROOT_CLASS = YES_ERROR;
				CLANG_WARN_SUSPICIOUS_MOVES = YES;
				CLANG_WARN_UNREACHABLE_CODE = YES;
				CLANG_WARN__DUPLICATE_METHOD_MATCH = YES;
				"CODE_SIGN_IDENTITY[sdk=iphoneos*]" = "iPhone Developer";
				COPY_PHASE_STRIP = NO;
				DEBUG_INFORMATION_FORMAT = "dwarf-with-dsym";
				ENABLE_NS_ASSERTIONS = NO;
				ENABLE_STRICT_OBJC_MSGSEND = YES;
				GCC_C_LANGUAGE_STANDARD = gnu99;
				GCC_NO_COMMON_BLOCKS = YES;
				GCC_WARN_64_TO_32_BIT_CONVERSION = YES;
				GCC_WARN_ABOUT_RETURN_TYPE = YES_ERROR;
				GCC_WARN_UNDECLARED_SELECTOR = YES;
				GCC_WARN_UNINITIALIZED_AUTOS = YES_AGGRESSIVE;
				GCC_WARN_UNUSED_FUNCTION = YES;
				GCC_WARN_UNUSED_VARIABLE = YES;
				IPHONEOS_DEPLOYMENT_TARGET = 10.1;
				MTL_ENABLE_DEBUG_INFO = NO;
				SDKROOT = iphoneos;
				SWIFT_OPTIMIZATION_LEVEL = "-Owholemodule";
				VALIDATE_PRODUCT = YES;
			};
			name = Release;
		};
		FE09B1BE1DFD54D400714D15 /* Debug */ = {
			isa = XCBuildConfiguration;
			baseConfigurationReference = A2BAFDC77ADC714158ED87DB /* Pods-Finch.debug.xcconfig */;
			buildSettings = {
				ASSETCATALOG_COMPILER_APPICON_NAME = AppIcon;
				DEVELOPMENT_TEAM = 6DDB3YQ38L;
				FRAMEWORK_SEARCH_PATHS = (
					"$(inherited)",
					"$(PROJECT_DIR)/Finch",
				);
				INFOPLIST_FILE = Finch/Info.plist;
				LD_RUNPATH_SEARCH_PATHS = "$(inherited) @executable_path/Frameworks";
				PRODUCT_BUNDLE_IDENTIFIER = nl.wrappic.Finch;
				PRODUCT_NAME = "$(TARGET_NAME)";
				SWIFT_OBJC_BRIDGING_HEADER = "Finch/Finch-Briding-Header.h";
				SWIFT_VERSION = 3.0;
			};
			name = Debug;
		};
		FE09B1BF1DFD54D400714D15 /* Release */ = {
			isa = XCBuildConfiguration;
			baseConfigurationReference = 4F550B7E25FAD8E2ACDA9B05 /* Pods-Finch.release.xcconfig */;
			buildSettings = {
				ASSETCATALOG_COMPILER_APPICON_NAME = AppIcon;
				DEVELOPMENT_TEAM = 6DDB3YQ38L;
				FRAMEWORK_SEARCH_PATHS = (
					"$(inherited)",
					"$(PROJECT_DIR)/Finch",
				);
				INFOPLIST_FILE = Finch/Info.plist;
				LD_RUNPATH_SEARCH_PATHS = "$(inherited) @executable_path/Frameworks";
				PRODUCT_BUNDLE_IDENTIFIER = nl.wrappic.Finch;
				PRODUCT_NAME = "$(TARGET_NAME)";
				SWIFT_OBJC_BRIDGING_HEADER = "Finch/Finch-Briding-Header.h";
				SWIFT_VERSION = 3.0;
			};
			name = Release;
		};
/* End XCBuildConfiguration section */

/* Begin XCConfigurationList section */
		FE09B1A61DFD54D400714D15 /* Build configuration list for PBXProject "Finch" */ = {
			isa = XCConfigurationList;
			buildConfigurations = (
				FE09B1BB1DFD54D400714D15 /* Debug */,
				FE09B1BC1DFD54D400714D15 /* Release */,
			);
			defaultConfigurationIsVisible = 0;
			defaultConfigurationName = Release;
		};
		FE09B1BD1DFD54D400714D15 /* Build configuration list for PBXNativeTarget "Finch" */ = {
			isa = XCConfigurationList;
			buildConfigurations = (
				FE09B1BE1DFD54D400714D15 /* Debug */,
				FE09B1BF1DFD54D400714D15 /* Release */,
			);
			defaultConfigurationIsVisible = 0;
			defaultConfigurationName = Release;
		};
/* End XCConfigurationList section */
	};
	rootObject = FE09B1A31DFD54D400714D15 /* Project object */;
}
